<Solution>
  <Folder Name="/src/">
    <Project Path="src/JobApplyAI.Application/JobApplyAI.Application.csproj" />
    <Project Path="src/JobApplyAI.Core/JobApplyAI.Core.csproj" />
    <Project Path="src/JobApplyAI.Functions/JobApplyAI.Functions.csproj" />
    <Project Path="src/JobApplyAI.Infrastructure/JobApplyAI.Infrastructure.csproj" />
    <Project Path="src/JobApplyAI.Mobile/JobApplyAI.Mobile.csproj" />
    <Project Path="src/JobApplyAI.Web/JobApplyAI.Web.csproj" />
  </Folder>
  <Folder Name="/tests/">
    <Project Path="tests/JobApplyAI.Application.Tests/JobApplyAI.Application.Tests.csproj" />
  </Folder>
</Solution>
